// !$*UTF8*$!
{
	archiveVersion = 1;
	classes = {
	};
	objectVersion = 77;
	objects = {

/* Begin PBXBuildFile section */
		1A000000000000000000000C /* LifeOS Watch App.app in Embed Watch Content */ = {isa = PBXBuildFile; fileRef = 1A0000000000000000000001 /* LifeOS Watch App.app */; settings = {ATTRIBUTES = (RemoveHeadersOnCopy, ); }; };
		2B0000000000000000000001 /* LifeOSCore in Frameworks */ = {isa = PBXBuildFile; productRef = 2B0000000000000000000011 /* LifeOSCore */; };
		2B0000000000000000000002 /* LifeOSData in Frameworks */ = {isa = PBXBuildFile; productRef = 2B0000000000000000000012 /* LifeOSData */; };
		2B0000000000000000000003 /* LifeOSConnectivity in Frameworks */ = {isa = PBXBuildFile; productRef = 2B0000000000000000000013 /* LifeOSConnectivity */; };
		2B0000000000000000000004 /* LifeOSCore in Frameworks */ = {isa = PBXBuildFile; productRef = 2B0000000000000000000014 /* LifeOSCore */; };
		2B0000000000000000000005 /* LifeOSConnectivity in Frameworks */ = {isa = PBXBuildFile; productRef = 2B0000000000000000000015 /* LifeOSConnectivity */; };
		5A000000000000000000000C /* LifeOS Widgets.appex in Embed Foundation Extensions */ = {isa = PBXBuildFile; fileRef = 5A0000000000000000000001 /* LifeOS Widgets.appex */; settings = {ATTRIBUTES = (RemoveHeadersOnCopy, ); }; };
/* End PBXBuildFile section */

/* Begin PBXContainerItemProxy section */
		1A000000000000000000000E /* PBXContainerItemProxy */ = {
			isa = PBXContainerItemProxy;
			containerPortal = 3D08A1D12EF9524500C3B6B6 /* Project object */;
			proxyType = 1;
			remoteGlobalIDString = 1A0000000000000000000004;
			remoteInfo = "LifeOS Watch App";
		};
		5A000000000000000000000E /* PBXContainerItemProxy */ = {
			isa = PBXContainerItemProxy;
			containerPortal = 3D08A1D12EF9524500C3B6B6 /* Project object */;
			proxyType = 1;
			remoteGlobalIDString = 5A0000000000000000000004;
			remoteInfo = "LifeOS Widgets";
		};
/* End PBXContainerItemProxy section */

/* Begin PBXCopyFilesBuildPhase section */
		1A000000000000000000000B /* Embed Watch Content */ = {
			isa = PBXCopyFilesBuildPhase;
			buildActionMask = 2147483647;
			dstPath = "$(CONTENTS_FOLDER_PATH)/Watch";
			dstSubfolderSpec = 16;
			files = (
				1A000000000000000000000C /* LifeOS Watch App.app in Embed Watch Content */,
			);
			name = "Embed Watch Content";
			runOnlyForDeploymentPostprocessing = 0;
		};
		5A000000000000000000000B /* Embed Foundation Extensions */ = {
			isa = PBXCopyFilesBuildPhase;
			buildActionMask = 2147483647;
			dstPath = "";
			dstSubfolderSpec = 13;
			files = (
				5A000000000000000000000C /* LifeOS Widgets.appex in Embed Foundation Extensions */,
			);
			name = "Embed Foundation Extensions";
			runOnlyForDeploymentPostprocessing = 0;
		};
/* End PBXCopyFilesBuildPhase section */

/* Begin PBXFileReference section */
		1A0000000000000000000001 /* LifeOS Watch App.app */ = {isa = PBXFileReference; explicitFileType = wrapper.application; includeInIndex = 0; path = "LifeOS Watch App.app"; sourceTree = BUILT_PRODUCTS_DIR; };
		3D08A1D92EF9524500C3B6B6 /* LifeOS.app */ = {isa = PBXFileReference; explicitFileType = wrapper.application; includeInIndex = 0; path = LifeOS.app; sourceTree = BUILT_PRODUCTS_DIR; };
		5A0000000000000000000001 /* LifeOS Widgets.appex */ = {isa = PBXFileReference; explicitFileType = "wrapper.app-extension"; includeInIndex = 0; path = "LifeOS Widgets.appex"; sourceTree = BUILT_PRODUCTS_DIR; };
/* End PBXFileReference section */

/* Begin PBXFileSystemSynchronizedBuildFileExceptionSet section */
		3D8CA0AE2F1A10D5008E4357 /* Exceptions for "LifeOS" folder in "LifeOS" target */ = {
			isa = PBXFileSystemSynchronizedBuildFileExceptionSet;
			membershipExceptions = (
				Info.plist,
			);
			target = 3D08A1D82EF9524500C3B6B6 /* LifeOS */;
		};
/* End PBXFileSystemSynchronizedBuildFileExceptionSet section */

/* Begin PBXFileSystemSynchronizedRootGroup section */
		1A0000000000000000000002 /* LifeOS Watch App */ = {
			isa = PBXFileSystemSynchronizedRootGroup;
			path = "LifeOS Watch App";
			sourceTree = "<group>";
		};
		3D08A1DB2EF9524500C3B6B6 /* LifeOS */ = {
			isa = PBXFileSystemSynchronizedRootGroup;
			exceptions = (
				3D8CA0AE2F1A10D5008E4357 /* Exceptions for "LifeOS" folder in "LifeOS" target */,
			);
			path = LifeOS;
			sourceTree = "<group>";
		};
		5A0000000000000000000002 /* LifeOS Widgets */ = {
			isa = PBXFileSystemSynchronizedRootGroup;
			path = "LifeOS Widgets";
			sourceTree = "<group>";
		};
		5A0000000000000000000003 /* LifeOSShared */ = {
			isa = PBXFileSystemSynchronizedRootGroup;
			path = LifeOSShared;
			sourceTree = "<group>";
		};
/* End PBXFileSystemSynchronizedRootGroup section */

/* Begin PBXFrameworksBuildPhase section */
		1A0000000000000000000006 /* Frameworks */ = {
			isa = PBXFrameworksBuildPhase;
			buildActionMask = 2147483647;
			files = (
				2B0000000000000000000004 /* LifeOSCore in Frameworks */,
				2B0000000000000000000005 /* LifeOSConnectivity in Frameworks */,
			);
			runOnlyForDeploymentPostprocessing = 0;
		};
		3D08A1D62EF9524500C3B6B6 /* Frameworks */ = {
			isa = PBXFrameworksBuildPhase;
			buildActionMask = 2147483647;
			files = (
				2B0000000000000000000001 /* LifeOSCore in Frameworks */,
				2B0000000000000000000002 /* LifeOSData in Frameworks */,
				2B0000000000000000000003 /* LifeOSConnectivity in Frameworks */,
			);
			runOnlyForDeploymentPostprocessing = 0;
		};
		5A0000000000000000000006 /* Frameworks */ = {
			isa = PBXFrameworksBuildPhase;
			buildActionMask = 2147483647;
			files = (
			);
			runOnlyForDeploymentPostprocessing = 0;
		};
/* End PBXFrameworksBuildPhase section */

/* Begin PBXGroup section */
		3D08A1D02EF9524500C3B6B6 = {
			isa = PBXGroup;
			children = (
				3D08A1DB2EF9524500C3B6B6 /* LifeOS */,
				1A0000000000000000000002 /* LifeOS Watch App */,
				5A0000000000000000000002 /* LifeOS Widgets */,
				5A0000000000000000000003 /* LifeOSShared */,
				3D08A1DA2EF9524500C3B6B6 /* Products */,
			);
			sourceTree = "<group>";
		};
		3D08A1DA2EF9524500C3B6B6 /* Products */ = {
			isa = PBXGroup;
			children = (
				3D08A1D92EF9524500C3B6B6 /* LifeOS.app */,
				1A0000000000000000000001 /* LifeOS Watch App.app */,
				5A0000000000000000000001 /* LifeOS Widgets.appex */,
			);
			name = Products;
			sourceTree = "<group>";
		};
/* End PBXGroup section */

/* Begin PBXNativeTarget section */
		1A0000000000000000000004 /* LifeOS Watch App */ = {
			isa = PBXNativeTarget;
			buildConfigurationList = 1A0000000000000000000008 /* Build configuration list for PBXNativeTarget "LifeOS Watch App" */;
			buildPhases = (
				1A0000000000000000000005 /* Sources */,
				1A0000000000000000000006 /* Frameworks */,
				1A0000000000000000000007 /* Resources */,
			);
			buildRules = (
			);
			dependencies = (
			);
			fileSystemSynchronizedGroups = (
				1A0000000000000000000002 /* LifeOS Watch App */,
			);
			name = "LifeOS Watch App";
			packageProductDependencies = (
				2B0000000000000000000014 /* LifeOSCore */,
				2B0000000000000000000015 /* LifeOSConnectivity */,
			);
			productName = "LifeOS Watch App";
			productReference = 1A0000000000000000000001 /* LifeOS Watch App.app */;
			productType = "com.apple.product-type.application";
		};
		3D08A1D82EF9524500C3B6B6 /* LifeOS */ = {
			isa = PBXNativeTarget;
			buildConfigurationList = 3D08A1E42EF9524700C3B6B6 /* Build configuration list for PBXNativeTarget "LifeOS" */;
			buildPhases = (
				3D08A1D52EF9524500C3B6B6 /* Sources */,
				3D08A1D62EF9524500C3B6B6 /* Frameworks */,
				3D08A1D72EF9524500C3B6B6 /* Resources */,
				1A000000000000000000000B /* Embed Watch Content */,
				5A000000000000000000000B /* Embed Foundation Extensions */,
			);
			buildRules = (
			);
			dependencies = (
				1A000000000000000000000D /* PBXTargetDependency */,
				5A000000000000000000000D /* PBXTargetDependency */,
			);
			fileSystemSynchronizedGroups = (
				3D08A1DB2EF9524500C3B6B6 /* LifeOS */,
				5A0000000000000000000003 /* LifeOSShared */,
			);
			name = LifeOS;
			packageProductDependencies = (
				2B0000000000000000000011 /* LifeOSCore */,
				2B0000000000000000000012 /* LifeOSData */,
				2B0000000000000000000013 /* LifeOSConnectivity */,
			);
			productName = LifeOS;
			productReference = 3D08A1D92EF9524500C3B6B6 /* LifeOS.app */;
			productType = "com.apple.product-type.application";
		};
		5A0000000000000000000004 /* LifeOS Widgets */ = {
			isa = PBXNativeTarget;
			buildConfigurationList = 5A0000000000000000000008 /* Build configuration list for PBXNativeTarget "LifeOS Widgets" */;
			buildPhases = (
				5A0000000000000000000005 /* Sources */,
				5A0000000000000000000006 /* Frameworks */,
				5A0000000000000000000007 /* Resources */,
			);
			buildRules = (
			);
			dependencies = (
			);
			fileSystemSynchronizedGroups = (
				5A0000000000000000000002 /* LifeOS Widgets */,
				5A0000000000000000000003 /* LifeOSShared */,
			);
			name = "LifeOS Widgets";
			productName = "LifeOS Widgets";
			productReference = 5A0000000000000000000001 /* LifeOS Widgets.appex */;
			productType = "com.apple.product-type.app-extension";
		};
/* End PBXNativeTarget section */

/* Begin PBXProject section */
		3D08A1D12EF9524500C3B6B6 /* Project object */ = {
			isa = PBXProject;
			attributes = {
				BuildIndependentTargetsInParallel = 1;
				LastSwiftUpdateCheck = 2620;
				LastUpgradeCheck = 2620;
				TargetAttributes = {
					1A0000000000000000000004 = {
						CreatedOnToolsVersion = 26.2;
					};
					3D08A1D82EF9524500C3B6B6 = {
						CreatedOnToolsVersion = 26.2;
					};
					5A0000000000000000000004 = {
						CreatedOnToolsVersion = 26.2;
					};
				};
			};
			buildConfigurationList = 3D08A1D42EF9524500C3B6B6 /* Build configuration list for PBXProject "LifeOS" */;
			developmentRegion = en;
			hasScannedForEncodings = 0;
			knownRegions = (
				en,
				Base,
			);
			mainGroup = 3D08A1D02EF9524500C3B6B6;
			minimizedProjectReferenceProxies = 1;
			packageReferences = (
				2B0000000000000000000020 /* XCLocalSwiftPackageReference "Packages/LifeOSKit" */,
			);
			preferredProjectObjectVersion = 77;
			productRefGroup = 3D08A1DA2EF9524500C3B6B6 /* Products */;
			projectDirPath = "";
			projectRoot = "";
			targets = (
				3D08A1D82EF9524500C3B6B6 /* LifeOS */,
				1A0000000000000000000004 /* LifeOS Watch App */,
				5A0000000000000000000004 /* LifeOS Widgets */,
			);
		};
/* End PBXProject section */

/* Begin PBXResourcesBuildPhase section */
		1A0000000000000000000007 /* Resources */ = {
			isa = PBXResourcesBuildPhase;
			buildActionMask = 2147483647;
			files = (
			);
			runOnlyForDeploymentPostprocessing = 0;
		};
		3D08A1D72EF9524500C3B6B6 /* Resources */ = {
			isa = PBXResourcesBuildPhase;
			buildActionMask = 2147483647;
			files = (
			);
			runOnlyForDeploymentPostprocessing = 0;
		};
		5A0000000000000000000007 /* Resources */ = {
			isa = PBXResourcesBuildPhase;
			buildActionMask = 2147483647;
			files = (
			);
			runOnlyForDeploymentPostprocessing = 0;
		};
/* End PBXResourcesBuildPhase section */

/* Begin PBXSourcesBuildPhase section */
		1A0000000000000000000005 /* Sources */ = {
			isa = PBXSourcesBuildPhase;
			buildActionMask = 2147483647;
			files = (
			);
			runOnlyForDeploymentPostprocessing = 0;
		};
		3D08A1D52EF9524500C3B6B6 /* Sources */ = {
			isa = PBXSourcesBuildPhase;
			buildActionMask = 2147483647;
			files = (
			);
			runOnlyForDeploymentPostprocessing = 0;
		};
		5A0000000000000000000005 /* Sources */ = {
			isa = PBXSourcesBuildPhase;
			buildActionMask = 2147483647;
			files = (
			);
			runOnlyForDeploymentPostprocessing = 0;
		};
/* End PBXSourcesBuildPhase section */

/* Begin PBXTargetDependency section */
		1A000000000000000000000D /* PBXTargetDependency */ = {
			isa = PBXTargetDependency;
			target = 1A0000000000000000000004 /* LifeOS Watch App */;
			targetProxy = 1A000000000000000000000E /* PBXContainerItemProxy */;
		};
		5A000000000000000000000D /* PBXTargetDependency */ = {
			isa = PBXTargetDependency;
			target = 5A0000000000000000000004 /* LifeOS Widgets */;
			targetProxy = 5A000000000000000000000E /* PBXContainerItemProxy */;
		};
/* End PBXTargetDependency section */

/* Begin XCBuildConfiguration section */
		1A0000000000000000000009 /* Debug */ = {
			isa = XCBuildConfiguration;
			buildSettings = {
				ASSETCATALOG_COMPILER_APPICON_NAME = AppIcon;
				ASSETCATALOG_COMPILER_GLOBAL_ACCENT_COLOR_NAME = AccentColor;
				CODE_SIGN_ENTITLEMENTS = "LifeOS Watch App/LifeOS Watch App.entitlements";
				CODE_SIGN_STYLE = Automatic;
				CURRENT_PROJECT_VERSION = 1;
				DEVELOPMENT_TEAM = DN9P7V5R2B;
				ENABLE_PREVIEWS = YES;
				GENERATE_INFOPLIST_FILE = YES;
				INFOPLIST_KEY_CFBundleDisplayName = LifeOS;
				INFOPLIST_KEY_NSMotionUsageDescription = "LifeOS uses motion data to automatically count your exercise sets.";
				INFOPLIST_KEY_UISupportedInterfaceOrientations = "UIInterfaceOrientationPortrait UIInterfaceOrientationPortraitUpsideDown";
				INFOPLIST_KEY_WKApplication = YES;
				INFOPLIST_KEY_WKCompanionAppBundleIdentifier = com.tanmay.LifeOS;
				LD_RUNPATH_SEARCH_PATHS = (
					"$(inherited)",
					"@executable_path/Frameworks",
				);
				MARKETING_VERSION = 1.0;
				PRODUCT_BUNDLE_IDENTIFIER = com.tanmay.LifeOS.watchkitapp;
				PRODUCT_NAME = "$(TARGET_NAME)";
				SDKROOT = watchos;
				SKIP_INSTALL = YES;
				SWIFT_ACTIVE_COMPILATION_CONDITIONS = "DEBUG $(inherited)";
				SWIFT_EMIT_LOC_STRINGS = YES;
				SWIFT_OPTIMIZATION_LEVEL = "-Onone";
				SWIFT_VERSION = 5.0;
				TARGETED_DEVICE_FAMILY = 4;
				WATCHOS_DEPLOYMENT_TARGET = 10.0;
			};
			name = Debug;
		};
		1A000000000000000000000A /* Release */ = {
			isa = XCBuildConfiguration;
			buildSettings = {
				ASSETCATALOG_COMPILER_APPICON_NAME = AppIcon;
				ASSETCATALOG_COMPILER_GLOBAL_ACCENT_COLOR_NAME = AccentColor;
				CODE_SIGN_ENTITLEMENTS = "LifeOS Watch App/LifeOS Watch App.entitlements";
				CODE_SIGN_STYLE = Automatic;
				CURRENT_PROJECT_VERSION = 1;
				DEVELOPMENT_TEAM = DN9P7V5R2B;
				ENABLE_PREVIEWS = YES;
				GENERATE_INFOPLIST_FILE = YES;
				INFOPLIST_KEY_CFBundleDisplayName = LifeOS;
				INFOPLIST_KEY_NSMotionUsageDescription = "LifeOS uses motion data to automatically count your exercise sets.";
				INFOPLIST_KEY_UISupportedInterfaceOrientations = "UIInterfaceOrientationPortrait UIInterfaceOrientationPortraitUpsideDown";
				INFOPLIST_KEY_WKApplication = YES;
				INFOPLIST_KEY_WKCompanionAppBundleIdentifier = com.tanmay.LifeOS;
				LD_RUNPATH_SEARCH_PATHS = (
					"$(inherited)",
					"@executable_path/Frameworks",
				);
				MARKETING_VERSION = 1.0;
				PRODUCT_BUNDLE_IDENTIFIER = com.tanmay.LifeOS.watchkitapp;
				PRODUCT_NAME = "$(TARGET_NAME)";
				SDKROOT = watchos;
				SKIP_INSTALL = YES;
				SWIFT_EMIT_LOC_STRINGS = YES;
				SWIFT_VERSION = 5.0;
				TARGETED_DEVICE_FAMILY = 4;
				WATCHOS_DEPLOYMENT_TARGET = 10.0;
			};
			name = Release;
		};
		3D08A1E22EF9524700C3B6B6 /* Debug */ = {
			isa = XCBuildConfiguration;
			buildSettings = {
				ALWAYS_SEARCH_USER_PATHS = NO;
				ASSETCATALOG_COMPILER_GENERATE_SWIFT_ASSET_SYMBOL_EXTENSIONS = YES;
				CLANG_ANALYZER_NONNULL = YES;
				CLANG_ANALYZER_NUMBER_OBJECT_CONVERSION = YES_AGGRESSIVE;
				CLANG_CXX_LANGUAGE_STANDARD = "gnu++20";
				CLANG_ENABLE_MODULES = YES;
				CLANG_ENABLE_OBJC_ARC = YES;
				CLANG_ENABLE_OBJC_WEAK = YES;
				CLANG_WARN_BLOCK_CAPTURE_AUTORELEASING = YES;
				CLANG_WARN_BOOL_CONVERSION = YES;
				CLANG_WARN_COMMA = YES;
				CLANG_WARN_CONSTANT_CONVERSION = YES;
				CLANG_WARN_DEPRECATED_OBJC_IMPLEMENTATIONS = YES;
				CLANG_WARN_DIRECT_OBJC_ISA_USAGE = YES_ERROR;
				CLANG_WARN_DOCUMENTATION_COMMENTS = YES;
				CLANG_WARN_EMPTY_BODY = YES;
				CLANG_WARN_ENUM_CONVERSION = YES;
				CLANG_WARN_INFINITE_RECURSION = YES;
				CLANG_WARN_INT_CONVERSION = YES;
				CLANG_WARN_NON_LITERAL_NULL_CONVERSION = YES;
				CLANG_WARN_OBJC_IMPLICIT_RETAIN_SELF = YES;
				CLANG_WARN_OBJC_LITERAL_CONVERSION = YES;
				CLANG_WARN_OBJC_ROOT_CLASS = YES_ERROR;
				CLANG_WARN_QUOTED_INCLUDE_IN_FRAMEWORK_HEADER = YES;
				CLANG_WARN_RANGE_LOOP_ANALYSIS = YES;
				CLANG_WARN_STRICT_PROTOTYPES = YES;
				CLANG_WARN_SUSPICIOUS_MOVE = YES;
				CLANG_WARN_UNGUARDED_AVAILABILITY = YES_AGGRESSIVE;
				CLANG_WARN_UNREACHABLE_CODE = YES;
				CLANG_WARN__DUPLICATE_METHOD_MATCH = YES;
				COPY_PHASE_STRIP = NO;
				DEBUG_INFORMATION_FORMAT = dwarf;
				DEVELOPMENT_TEAM = DN9P7V5R2B;
				ENABLE_STRICT_OBJC_MSGSEND = YES;
				ENABLE_TESTABILITY = YES;
				ENABLE_USER_SCRIPT_SANDBOXING = YES;
				GCC_C_LANGUAGE_STANDARD = gnu17;
				GCC_DYNAMIC_NO_PIC = NO;
				GCC_NO_COMMON_BLOCKS = YES;
				GCC_OPTIMIZATION_LEVEL = 0;
				GCC_PREPROCESSOR_DEFINITIONS = (
					"DEBUG=1",
					"$(inherited)",
				);
				GCC_WARN_64_TO_32_BIT_CONVERSION = YES;
				GCC_WARN_ABOUT_RETURN_TYPE = YES_ERROR;
				GCC_WARN_UNDECLARED_SELECTOR = YES;
				GCC_WARN_UNINITIALIZED_AUTOS = YES_AGGRESSIVE;
				GCC_WARN_UNUSED_FUNCTION = YES;
				GCC_WARN_UNUSED_VARIABLE = YES;
				IPHONEOS_DEPLOYMENT_TARGET = 26.2;
				LOCALIZATION_PREFERS_STRING_CATALOGS = YES;
				MTL_ENABLE_DEBUG_INFO = INCLUDE_SOURCE;
				MTL_FAST_MATH = YES;
				ONLY_ACTIVE_ARCH = YES;
				SDKROOT = iphoneos;
				SWIFT_ACTIVE_COMPILATION_CONDITIONS = "DEBUG $(inherited)";
				SWIFT_OPTIMIZATION_LEVEL = "-Onone";
			};
			name = Debug;
		};
		3D08A1E32EF9524700C3B6B6 /* Release */ = {
			isa = XCBuildConfiguration;
			buildSettings = {
				ALWAYS_SEARCH_USER_PATHS = NO;
				ASSETCATALOG_COMPILER_GENERATE_SWIFT_ASSET_SYMBOL_EXTENSIONS = YES;
				CLANG_ANALYZER_NONNULL = YES;
				CLANG_ANALYZER_NUMBER_OBJECT_CONVERSION = YES_AGGRESSIVE;
				CLANG_CXX_LANGUAGE_STANDARD = "gnu++20";
				CLANG_ENABLE_MODULES = YES;
				CLANG_ENABLE_OBJC_ARC = YES;
				CLANG_ENABLE_OBJC_WEAK = YES;
				CLANG_WARN_BLOCK_CAPTURE_AUTORELEASING = YES;
				CLANG_WARN_BOOL_CONVERSION = YES;
				CLANG_WARN_COMMA = YES;
				CLANG_WARN_CONSTANT_CONVERSION = YES;
				CLANG_WARN_DEPRECATED_OBJC_IMPLEMENTATIONS = YES;
				CLANG_WARN_DIRECT_OBJC_ISA_USAGE = YES_ERROR;
				CLANG_WARN_DOCUMENTATION_COMMENTS = YES;
				CLANG_WARN_EMPTY_BODY = YES;
				CLANG_WARN_ENUM_CONVERSION = YES;
				CLANG_WARN_INFINITE_RECURSION = YES;
				CLANG_WARN_INT_CONVERSION = YES;
				CLANG_WARN_NON_LITERAL_NULL_CONVERSION = YES;
				CLANG_WARN_OBJC_IMPLICIT_RETAIN_SELF = YES;
				CLANG_WARN_OBJC_LITERAL_CONVERSION = YES;
				CLANG_WARN_OBJC_ROOT_CLASS = YES_ERROR;
				CLANG_WARN_QUOTED_INCLUDE_IN_FRAMEWORK_HEADER = YES;
				CLANG_WARN_RANGE_LOOP_ANALYSIS = YES;
				CLANG_WARN_STRICT_PROTOTYPES = YES;
				CLANG_WARN_SUSPICIOUS_MOVE = YES;
				CLANG_WARN_UNGUARDED_AVAILABILITY = YES_AGGRESSIVE;
				CLANG_WARN_UNREACHABLE_CODE = YES;
				CLANG_WARN__DUPLICATE_METHOD_MATCH = YES;
				COPY_PHASE_STRIP = NO;
				DEBUG_INFORMATION_FORMAT = "dwarf-with-dsym";
				DEVELOPMENT_TEAM = DN9P7V5R2B;
				ENABLE_NS_ASSERTIONS = NO;
				ENABLE_STRICT_OBJC_MSGSEND = YES;
				ENABLE_USER_SCRIPT_SANDBOXING = YES;
				GCC_C_LANGUAGE_STANDARD = gnu17;
				GCC_NO_COMMON_BLOCKS = YES;
				GCC_WARN_64_TO_32_BIT_CONVERSION = YES;
				GCC_WARN_ABOUT_RETURN_TYPE = YES_ERROR;
				GCC_WARN_UNDECLARED_SELECTOR = YES;
				GCC_WARN_UNINITIALIZED_AUTOS = YES_AGGRESSIVE;
				GCC_WARN_UNUSED_FUNCTION = YES;
				GCC_WARN_UNUSED_VARIABLE = YES;
				IPHONEOS_DEPLOYMENT_TARGET = 26.2;
				LOCALIZATION_PREFERS_STRING_CATALOGS = YES;
				MTL_ENABLE_DEBUG_INFO = NO;
				MTL_FAST_MATH = YES;
				SDKROOT = iphoneos;
				SWIFT_COMPILATION_MODE = wholemodule;
				VALIDATE_PRODUCT = YES;
			};
			name = Release;
		};
		3D08A1E52EF9524700C3B6B6 /* Debug */ = {
			isa = XCBuildConfiguration;
			buildSettings = {
				ASSETCATALOG_COMPILER_APPICON_NAME = AppIcon;
				ASSETCATALOG_COMPILER_GLOBAL_ACCENT_COLOR_NAME = AccentColor;
				CODE_SIGN_ENTITLEMENTS = LifeOS/LifeOS.entitlements;
				CODE_SIGN_STYLE = Automatic;
				CURRENT_PROJECT_VERSION = 1;
				DEVELOPMENT_TEAM = DN9P7V5R2B;
				ENABLE_PREVIEWS = YES;
				GENERATE_INFOPLIST_FILE = YES;
				INFOPLIST_FILE = LifeOS/Info.plist;
				INFOPLIST_KEY_CFBundleDisplayName = LifeOS;
				INFOPLIST_KEY_NSCameraUsageDescription = "LifeOS uses camera to scan food barcodes and analyze meals with AI.";
				INFOPLIST_KEY_NSHealthShareUsageDescription = "LifeOS needs to read your health data to track calories and weight";
				INFOPLIST_KEY_NSHealthUpdateUsageDescription = "LifeOS needs to update your weight in Apple Health";
				INFOPLIST_KEY_NSPhotoLibraryUsageDescription = "LifeOS needs access to your photos to analyze meal images.";
				INFOPLIST_KEY_UIApplicationSceneManifest_Generation = YES;
				INFOPLIST_KEY_UIApplicationSupportsIndirectInputEvents = YES;
				INFOPLIST_KEY_UILaunchScreen_Generation = YES;
				INFOPLIST_KEY_UISupportedInterfaceOrientations_iPad = "UIInterfaceOrientationPortrait UIInterfaceOrientationPortraitUpsideDown UIInterfaceOrientationLandscapeLeft UIInterfaceOrientationLandscapeRight";
				INFOPLIST_KEY_UISupportedInterfaceOrientations_iPhone = "UIInterfaceOrientationPortrait UIInterfaceOrientationLandscapeLeft UIInterfaceOrientationLandscapeRight";
				IPHONEOS_DEPLOYMENT_TARGET = 17.6;
				LD_RUNPATH_SEARCH_PATHS = (
					"$(inherited)",
					"@executable_path/Frameworks",
				);
				MARKETING_VERSION = 1.0;
				PRODUCT_BUNDLE_IDENTIFIER = com.tanmay.LifeOS;
				PRODUCT_NAME = "$(TARGET_NAME)";
				STRING_CATALOG_GENERATE_SYMBOLS = YES;
				SWIFT_APPROACHABLE_CONCURRENCY = YES;
				SWIFT_DEFAULT_ACTOR_ISOLATION = MainActor;
				SWIFT_EMIT_LOC_STRINGS = YES;
				SWIFT_UPCOMING_FEATURE_MEMBER_IMPORT_VISIBILITY = YES;
				SWIFT_VERSION = 5.0;
				TARGETED_DEVICE_FAMILY = "1,2";
			};
			name = Debug;
		};
		3D08A1E62EF9524700C3B6B6 /* Release */ = {
			isa = XCBuildConfiguration;
			buildSettings = {
				ASSETCATALOG_COMPILER_APPICON_NAME = AppIcon;
				ASSETCATALOG_COMPILER_GLOBAL_ACCENT_COLOR_NAME = AccentColor;
				CODE_SIGN_ENTITLEMENTS = LifeOS/LifeOS.entitlements;
				CODE_SIGN_STYLE = Automatic;
				CURRENT_PROJECT_VERSION = 1;
				DEVELOPMENT_TEAM = DN9P7V5R2B;
				ENABLE_PREVIEWS = YES;
				GENERATE_INFOPLIST_FILE = YES;
				INFOPLIST_FILE = LifeOS/Info.plist;
				INFOPLIST_KEY_CFBundleDisplayName = LifeOS;
				INFOPLIST_KEY_NSCameraUsageDescription = "LifeOS uses camera to scan food barcodes and analyze meals with AI.";
				INFOPLIST_KEY_NSHealthShareUsageDescription = "LifeOS needs to read your health data to track calories and weight";
				INFOPLIST_KEY_NSHealthUpdateUsageDescription = "LifeOS needs to update your weight in Apple Health";
				INFOPLIST_KEY_NSPhotoLibraryUsageDescription = "LifeOS needs access to your photos to analyze meal images.";
				INFOPLIST_KEY_UIApplicationSceneManifest_Generation = YES;
				INFOPLIST_KEY_UIApplicationSupportsIndirectInputEvents = YES;
				INFOPLIST_KEY_UILaunchScreen_Generation = YES;
				INFOPLIST_KEY_UISupportedInterfaceOrientations_iPad = "UIInterfaceOrientationPortrait UIInterfaceOrientationPortraitUpsideDown UIInterfaceOrientationLandscapeLeft UIInterfaceOrientationLandscapeRight";
				INFOPLIST_KEY_UISupportedInterfaceOrientations_iPhone = "UIInterfaceOrientationPortrait UIInterfaceOrientationLandscapeLeft UIInterfaceOrientationLandscapeRight";
				IPHONEOS_DEPLOYMENT_TARGET = 17.6;
				LD_RUNPATH_SEARCH_PATHS = (
					"$(inherited)",
					"@executable_path/Frameworks",
				);
				MARKETING_VERSION = 1.0;
				PRODUCT_BUNDLE_IDENTIFIER = com.tanmay.LifeOS;
				PRODUCT_NAME = "$(TARGET_NAME)";
				STRING_CATALOG_GENERATE_SYMBOLS = YES;
				SWIFT_APPROACHABLE_CONCURRENCY = YES;
				SWIFT_DEFAULT_ACTOR_ISOLATION = MainActor;
				SWIFT_EMIT_LOC_STRINGS = YES;
				SWIFT_UPCOMING_FEATURE_MEMBER_IMPORT_VISIBILITY = YES;
				SWIFT_VERSION = 5.0;
				TARGETED_DEVICE_FAMILY = "1,2";
			};
			name = Release;
		};
		5A0000000000000000000009 /* Debug */ = {
			isa = XCBuildConfiguration;
			buildSettings = {
				CODE_SIGN_ENTITLEMENTS = Config/LifeOSWidgets.entitlements;
				CODE_SIGN_STYLE = Automatic;
				CURRENT_PROJECT_VERSION = 1;
				DEVELOPMENT_TEAM = DN9P7V5R2B;
				GENERATE_INFOPLIST_FILE = YES;
				INFOPLIST_FILE = "Config/LifeOSWidgets-Info.plist";
				INFOPLIST_KEY_CFBundleDisplayName = LifeOS;
				IPHONEOS_DEPLOYMENT_TARGET = 17.6;
				LD_RUNPATH_SEARCH_PATHS = (
					"$(inherited)",
					"@executable_path/Frameworks",
					"@executable_path/../../Frameworks",
				);
				MARKETING_VERSION = 1.0;
				PRODUCT_BUNDLE_IDENTIFIER = com.tanmay.LifeOS.widgets;
				PRODUCT_NAME = "$(TARGET_NAME)";
				SDKROOT = iphoneos;
				SKIP_INSTALL = YES;
				SWIFT_ACTIVE_COMPILATION_CONDITIONS = "DEBUG WIDGET_EXTENSION $(inherited)";
				SWIFT_APPROACHABLE_CONCURRENCY = YES;
				SWIFT_DEFAULT_ACTOR_ISOLATION = MainActor;
				SWIFT_EMIT_LOC_STRINGS = YES;
				SWIFT_OPTIMIZATION_LEVEL = "-Onone";
				SWIFT_UPCOMING_FEATURE_MEMBER_IMPORT_VISIBILITY = YES;
				SWIFT_VERSION = 5.0;
				TARGETED_DEVICE_FAMILY = "1,2";
			};
			name = Debug;
		};
		5A000000000000000000000A /* Release */ = {
			isa = XCBuildConfiguration;
			buildSettings = {
				CODE_SIGN_ENTITLEMENTS = Config/LifeOSWidgets.entitlements;
				CODE_SIGN_STYLE = Automatic;
				CURRENT_PROJECT_VERSION = 1;
				DEVELOPMENT_TEAM = DN9P7V5R2B;
				GENERATE_INFOPLIST_FILE = YES;
				INFOPLIST_FILE = "Config/LifeOSWidgets-Info.plist";
				INFOPLIST_KEY_CFBundleDisplayName = LifeOS;
				IPHONEOS_DEPLOYMENT_TARGET = 17.6;
				LD_RUNPATH_SEARCH_PATHS = (
					"$(inherited)",
					"@executable_path/Frameworks",
					"@executable_path/../../Frameworks",
				);
				MARKETING_VERSION = 1.0;
				PRODUCT_BUNDLE_IDENTIFIER = com.tanmay.LifeOS.widgets;
				PRODUCT_NAME = "$(TARGET_NAME)";
				SDKROOT = iphoneos;
				SKIP_INSTALL = YES;
				SWIFT_ACTIVE_COMPILATION_CONDITIONS = "WIDGET_EXTENSION $(inherited)";
				SWIFT_APPROACHABLE_CONCURRENCY = YES;
				SWIFT_DEFAULT_ACTOR_ISOLATION = MainActor;
				SWIFT_EMIT_LOC_STRINGS = YES;
				SWIFT_UPCOMING_FEATURE_MEMBER_IMPORT_VISIBILITY = YES;
				SWIFT_VERSION = 5.0;
				TARGETED_DEVICE_FAMILY = "1,2";
			};
			name = Release;
		};
/* End XCBuildConfiguration section */

/* Begin XCConfigurationList section */
		1A0000000000000000000008 /* Build configuration list for PBXNativeTarget "LifeOS Watch App" */ = {
			isa = XCConfigurationList;
			buildConfigurations = (
				1A0000000000000000000009 /* Debug */,
				1A000000000000000000000A /* Release */,
			);
			defaultConfigurationIsVisible = 0;
			defaultConfigurationName = Release;
		};
		3D08A1D42EF9524500C3B6B6 /* Build configuration list for PBXProject "LifeOS" */ = {
			isa = XCConfigurationList;
			buildConfigurations = (
				3D08A1E22EF9524700C3B6B6 /* Debug */,
				3D08A1E32EF9524700C3B6B6 /* Release */,
			);
			defaultConfigurationIsVisible = 0;
			defaultConfigurationName = Release;
		};
		3D08A1E42EF9524700C3B6B6 /* Build configuration list for PBXNativeTarget "LifeOS" */ = {
			isa = XCConfigurationList;
			buildConfigurations = (
				3D08A1E52EF9524700C3B6B6 /* Debug */,
				3D08A1E62EF9524700C3B6B6 /* Release */,
			);
			defaultConfigurationIsVisible = 0;
			defaultConfigurationName = Release;
		};
		5A0000000000000000000008 /* Build configuration list for PBXNativeTarget "LifeOS Widgets" */ = {
			isa = XCConfigurationList;
			buildConfigurations = (
				5A0000000000000000000009 /* Debug */,
				5A000000000000000000000A /* Release */,
			);
			defaultConfigurationIsVisible = 0;
			defaultConfigurationName = Release;
		};
/* End XCConfigurationList section */
/* Begin XCLocalSwiftPackageReference section */
		2B0000000000000000000020 /* XCLocalSwiftPackageReference "Packages/LifeOSKit" */ = {
			isa = XCLocalSwiftPackageReference;
			relativePath = Packages/LifeOSKit;
		};
/* End XCLocalSwiftPackageReference section */

/* Begin XCSwiftPackageProductDependency section */
		2B0000000000000000000011 /* LifeOSCore */ = {
			isa = XCSwiftPackageProductDependency;
			package = 2B0000000000000000000020 /* XCLocalSwiftPackageReference "Packages/LifeOSKit" */;
			productName = LifeOSCore;
		};
		2B0000000000000000000012 /* LifeOSData */ = {
			isa = XCSwiftPackageProductDependency;
			package = 2B0000000000000000000020 /* XCLocalSwiftPackageReference "Packages/LifeOSKit" */;
			productName = LifeOSData;
		};
		2B0000000000000000000013 /* LifeOSConnectivity */ = {
			isa = XCSwiftPackageProductDependency;
			package = 2B0000000000000000000020 /* XCLocalSwiftPackageReference "Packages/LifeOSKit" */;
			productName = LifeOSConnectivity;
		};
		2B0000000000000000000014 /* LifeOSCore */ = {
			isa = XCSwiftPackageProductDependency;
			package = 2B0000000000000000000020 /* XCLocalSwiftPackageReference "Packages/LifeOSKit" */;
			productName = LifeOSCore;
		};
		2B0000000000000000000015 /* LifeOSConnectivity */ = {
			isa = XCSwiftPackageProductDependency;
			package = 2B0000000000000000000020 /* XCLocalSwiftPackageReference "Packages/LifeOSKit" */;
			productName = LifeOSConnectivity;
		};
/* End XCSwiftPackageProductDependency section */
	};
	rootObject = 3D08A1D12EF9524500C3B6B6 /* Project object */;
}
